
Microsoft Visual Studio Solution File, Format Version 12.00
# Visual Studio Version 17
VisualStudioVersion = 17.5.002.0
MinimumVisualStudioVersion = 10.0.40219.1
Project("{9A19103F-16F7-4668-BE54-9A1E7A4F7556}") = "Ejercicio-Votaciones-Confech", "Ejercicio-Votaciones-Confech.csproj", "{53A6FA27-89C2-4DC2-9A98-61BF077ECB2D}"
EndProject
Global
	GlobalSection(SolutionConfigurationPlatforms) = preSolution
		Debug|Any CPU = Debug|Any CPU
		Release|Any CPU = Release|Any CPU
	EndGlobalSection
	GlobalSection(ProjectConfigurationPlatforms) = postSolution
		{53A6FA27-89C2-4DC2-9A98-61BF077ECB2D}.Debug|Any CPU.ActiveCfg = Debug|Any CPU
		{53A6FA27-89C2-4DC2-9A98-61BF077ECB2D}.Debug|Any CPU.Build.0 = Debug|Any CPU
		{53A6FA27-89C2-4DC2-9A98-61BF077ECB2D}.Release|Any CPU.ActiveCfg = Release|Any CPU
		{53A6FA27-89C2-4DC2-9A98-61BF077ECB2D}.Release|Any CPU.Build.0 = Release|Any CPU
	EndGlobalSection
	GlobalSection(SolutionProperties) = preSolution
		HideSolutionNode = FALSE
	EndGlobalSection
	GlobalSection(ExtensibilityGlobals) = postSolution
		SolutionGuid = {B8EDE27D-3C7F-493D-83C8-1E3598FA8DEE}
	EndGlobalSection
EndGlobal
